PODS:
  - Alamofire (4.9.1)
  - Bond (7.6.6):
    - Differ (~> 1.4)
    - ReactiveKit (~> 3.14)
  - Differ (1.4.4)
  - ReactiveKit (3.16.2)
  - Realm (4.3.2):
    - Realm/Headers (= 4.3.2)
  - Realm/Headers (4.3.2)
  - RealmSwift (4.3.2):
    - Realm (= 4.3.2)

DEPENDENCIES:
  - Alamofire
  - Bond
  - ReactiveKit
  - RealmSwift

SPEC REPOS:
  trunk:
    - Alamofire
    - Bond
    - Differ
    - ReactiveKit
    - Realm
    - RealmSwift

SPEC CHECKSUMS:
  Alamofire: 85e8a02c69d6020a0d734f6054870d7ecb75cf18
  Bond: 9e7d901cf4ed825b6004a93dd0a7f1c7479e2834
  Differ: 5cd747e2f29c11ea9605eba7cb369df17e2b1ee2
  ReactiveKit: c46f8358afe351a9a148c9462ca2d0f5f7b17ca7
  Realm: 5e92902e2875dff4bb0fd02f67bb737c3d5db2bc
  RealmSwift: 9a360fc7bae04fc2e308a34fbd899d5faa2d6b22

PODFILE CHECKSUM: 23cf563f29d21a978c29aa3aab49fb1eb2ccae7a

COCOAPODS: 1.8.4
